
Microsoft Visual Studio Solution File, Format Version 12.00
# Visual Studio Version 17
VisualStudioVersion = 17.1.32328.378
MinimumVisualStudioVersion = 10.0.40219.1
Project("{2150E333-8FDC-42A3-9474-1A3956D46DE8}") = "Docs", "Docs", "{069872D3-A842-42AC-B66C-5902E499A4A6}"
EndProject
Project("{2150E333-8FDC-42A3-9474-1A3956D46DE8}") = "Source", "Source", "{AEF7D2F9-B58E-4269-8444-05183D5676AD}"
EndProject
Project("{FAE04EC0-301F-11D3-BF4B-00C04F79EFBC}") = "SmellFinder", "SmellFinder\SmellFinder.csproj", "{B1423C11-30DC-46EC-800D-9F64AEBCC3F1}"
EndProject
Global
	GlobalSection(SolutionConfigurationPlatforms) = preSolution
		Debug|Any CPU = Debug|Any CPU
		Release|Any CPU = Release|Any CPU
	EndGlobalSection
	GlobalSection(ProjectConfigurationPlatforms) = postSolution
		{B1423C11-30DC-46EC-800D-9F64AEBCC3F1}.Debug|Any CPU.ActiveCfg = Debug|Any CPU
		{B1423C11-30DC-46EC-800D-9F64AEBCC3F1}.Debug|Any CPU.Build.0 = Debug|Any CPU
		{B1423C11-30DC-46EC-800D-9F64AEBCC3F1}.Release|Any CPU.ActiveCfg = Release|Any CPU
		{B1423C11-30DC-46EC-800D-9F64AEBCC3F1}.Release|Any CPU.Build.0 = Release|Any CPU
	EndGlobalSection
	GlobalSection(SolutionProperties) = preSolution
		HideSolutionNode = FALSE
	EndGlobalSection
	GlobalSection(NestedProjects) = preSolution
		{B1423C11-30DC-46EC-800D-9F64AEBCC3F1} = {AEF7D2F9-B58E-4269-8444-05183D5676AD}
	EndGlobalSection
	GlobalSection(ExtensibilityGlobals) = postSolution
		SolutionGuid = {C7FDF412-D94F-4C3C-99F9-61C2AC85F198}
	EndGlobalSection
EndGlobal
